Microsoft Visual Studio Solution File, Format Version 12.00
# Visual Studio 15
VisualStudioVersion = 15.0.27130.2026
MinimumVisualStudioVersion = 10.0.40219.1
Project("{FAE04EC0-301F-11D3-BF4B-00C04F79EFBC}") = "Inspector", "Inspector\Inspector.csproj", "{903CCD33-3966-4C05-99F1-B50299C0BF34}"
EndProject
Project("{FAE04EC0-301F-11D3-BF4B-00C04F79EFBC}") = "TestApplication", "TestApplication\TestApplication.csproj", "{F9B3AC43-C0DD-4636-9B49-A2C52B8EEF1B}"
EndProject
Project("{2150E333-8FDC-42A3-9474-1A3956D46DE8}") = "Solution Items", "Solution Items", "{E6EF6BB6-1546-463A-AF6A-4308FF855F7F}"
	ProjectSection(SolutionItems) = preProject
		README.md = README.md
	EndProjectSection
EndProject
Global
	GlobalSection(SolutionConfigurationPlatforms) = preSolution
		Debug|Any CPU = Debug|Any CPU
		Release|Any CPU = Release|Any CPU
	EndGlobalSection
	GlobalSection(ProjectConfigurationPlatforms) = postSolution
		{903CCD33-3966-4C05-99F1-B50299C0BF34}.Debug|Any CPU.ActiveCfg = Debug|Any CPU
		{903CCD33-3966-4C05-99F1-B50299C0BF34}.Debug|Any CPU.Build.0 = Debug|Any CPU
		{903CCD33-3966-4C05-99F1-B50299C0BF34}.Release|Any CPU.ActiveCfg = Release|Any CPU
		{903CCD33-3966-4C05-99F1-B50299C0BF34}.Release|Any CPU.Build.0 = Release|Any CPU
		{F9B3AC43-C0DD-4636-9B49-A2C52B8EEF1B}.Debug|Any CPU.ActiveCfg = Debug|Any CPU
		{F9B3AC43-C0DD-4636-9B49-A2C52B8EEF1B}.Debug|Any CPU.Build.0 = Debug|Any CPU
		{F9B3AC43-C0DD-4636-9B49-A2C52B8EEF1B}.Release|Any CPU.ActiveCfg = Release|Any CPU
		{F9B3AC43-C0DD-4636-9B49-A2C52B8EEF1B}.Release|Any CPU.Build.0 = Release|Any CPU
	EndGlobalSection
	GlobalSection(SolutionProperties) = preSolution
		HideSolutionNode = FALSE
	EndGlobalSection
	GlobalSection(ExtensibilityGlobals) = postSolution
		SolutionGuid = {E95560E1-0025-4104-91ED-97C2CB96B9F1}
	EndGlobalSection
EndGlobal
